// !$*UTF8*$!
{
	archiveVersion = 1;
	classes = {
	};
	objectVersion = 50;
	objects = {

/* Begin PBXBuildFile section */
		505B579E2351633400F52E03 /* AppDelegate.swift in Sources */ = {isa = PBXBuildFile; fileRef = 505B579D2351633400F52E03 /* AppDelegate.swift */; };
		505B57A02351633400F52E03 /* SceneDelegate.swift in Sources */ = {isa = PBXBuildFile; fileRef = 505B579F2351633400F52E03 /* SceneDelegate.swift */; };
		505B57A22351633400F52E03 /* ViewController.swift in Sources */ = {isa = PBXBuildFile; fileRef = 505B57A12351633400F52E03 /* ViewController.swift */; };
		505B57A52351633400F52E03 /* Main.storyboard in Resources */ = {isa = PBXBuildFile; fileRef = 505B57A32351633400F52E03 /* Main.storyboard */; };
		505B57A72351633500F52E03 /* Assets.xcassets in Resources */ = {isa = PBXBuildFile; fileRef = 505B57A62351633500F52E03 /* Assets.xcassets */; };
		505B57AA2351633500F52E03 /* LaunchScreen.storyboard in Resources */ = {isa = PBXBuildFile; fileRef = 505B57A82351633500F52E03 /* LaunchScreen.storyboard */; };
		505B57B22351752300F52E03 /* LoginViewController.swift in Sources */ = {isa = PBXBuildFile; fileRef = 505B57B12351752300F52E03 /* LoginViewController.swift */; };
/* End PBXBuildFile section */

/* Begin PBXFileReference section */
		505B579A2351633400F52E03 /* mamaspace.app */ = {isa = PBXFileReference; explicitFileType = wrapper.application; includeInIndex = 0; path = mamaspace.app; sourceTree = BUILT_PRODUCTS_DIR; };
		505B579D2351633400F52E03 /* AppDelegate.swift */ = {isa = PBXFileReference; lastKnownFileType = sourcecode.swift; path = AppDelegate.swift; sourceTree = "<group>"; };
		505B579F2351633400F52E03 /* SceneDelegate.swift */ = {isa = PBXFileReference; lastKnownFileType = sourcecode.swift; path = SceneDelegate.swift; sourceTree = "<group>"; };
		505B57A12351633400F52E03 /* ViewController.swift */ = {isa = PBXFileReference; lastKnownFileType = sourcecode.swift; path = ViewController.swift; sourceTree = "<group>"; };
		505B57A42351633400F52E03 /* Base */ = {isa = PBXFileReference; lastKnownFileType = file.storyboard; name = Base; path = Base.lproj/Main.storyboard; sourceTree = "<group>"; };
		505B57A62351633500F52E03 /* Assets.xcassets */ = {isa = PBXFileReference; lastKnownFileType = folder.assetcatalog; path = Assets.xcassets; sourceTree = "<group>"; };
		505B57A92351633500F52E03 /* Base */ = {isa = PBXFileReference; lastKnownFileType = file.storyboard; name = Base; path = Base.lproj/LaunchScreen.storyboard; sourceTree = "<group>"; };
		505B57AB2351633500F52E03 /* Info.plist */ = {isa = PBXFileReference; lastKnownFileType = text.plist.xml; path = Info.plist; sourceTree = "<group>"; };
		505B57B12351752300F52E03 /* LoginViewController.swift */ = {isa = PBXFileReference; lastKnownFileType = sourcecode.swift; path = LoginViewController.swift; sourceTree = "<group>"; };
/* End PBXFileReference section */

/* Begin PBXFrameworksBuildPhase section */
		505B57972351633400F52E03 /* Frameworks */ = {
			isa = PBXFrameworksBuildPhase;
			buildActionMask = 2147483647;
			files = (
			);
			runOnlyForDeploymentPostprocessing = 0;
		};
/* End PBXFrameworksBuildPhase section */

/* Begin PBXGroup section */
		505B57912351633300F52E03 = {
			isa = PBXGroup;
			children = (
				505B579C2351633400F52E03 /* mamaspace */,
				505B579B2351633400F52E03 /* Products */,
			);
			sourceTree = "<group>";
		};
		505B579B2351633400F52E03 /* Products */ = {
			isa = PBXGroup;
			children = (
				505B579A2351633400F52E03 /* mamaspace.app */,
			);
			name = Products;
			sourceTree = "<group>";
		};
		505B579C2351633400F52E03 /* mamaspace */ = {
			isa = PBXGroup;
			children = (
				505B579D2351633400F52E03 /* AppDelegate.swift */,
				505B579F2351633400F52E03 /* SceneDelegate.swift */,
				505B57A12351633400F52E03 /* ViewController.swift */,
				505B57A32351633400F52E03 /* Main.storyboard */,
				505B57A62351633500F52E03 /* Assets.xcassets */,
				505B57A82351633500F52E03 /* LaunchScreen.storyboard */,
				505B57AB2351633500F52E03 /* Info.plist */,
				505B57B12351752300F52E03 /* LoginViewController.swift */,
			);
			path = mamaspace;
			sourceTree = "<group>";
		};
/* End PBXGroup section */

/* Begin PBXNativeTarget section */
		505B57992351633400F52E03 /* mamaspace */ = {
			isa = PBXNativeTarget;
			buildConfigurationList = 505B57AE2351633500F52E03 /* Build configuration list for PBXNativeTarget "mamaspace" */;
			buildPhases = (
				505B57962351633400F52E03 /* Sources */,
				505B57972351633400F52E03 /* Frameworks */,
				505B57982351633400F52E03 /* Resources */,
			);
			buildRules = (
			);
			dependencies = (
			);
			name = mamaspace;
			productName = mamaspace;
			productReference = 505B579A2351633400F52E03 /* mamaspace.app */;
			productType = "com.apple.product-type.application";
		};
/* End PBXNativeTarget section */

/* Begin PBXProject section */
		505B57922351633300F52E03 /* Project object */ = {
			isa = PBXProject;
			attributes = {
				LastSwiftUpdateCheck = 1110;
				LastUpgradeCheck = 1110;
				ORGANIZATIONNAME = ichi;
				TargetAttributes = {
					505B57992351633400F52E03 = {
						CreatedOnToolsVersion = 11.1;
					};
				};
			};
			buildConfigurationList = 505B57952351633300F52E03 /* Build configuration list for PBXProject "mamaspace" */;
			compatibilityVersion = "Xcode 9.3";
			developmentRegion = en;
			hasScannedForEncodings = 0;
			knownRegions = (
				en,
				Base,
			);
			mainGroup = 505B57912351633300F52E03;
			productRefGroup = 505B579B2351633400F52E03 /* Products */;
			projectDirPath = "";
			projectRoot = "";
			targets = (
				505B57992351633400F52E03 /* mamaspace */,
			);
		};
/* End PBXProject section */

/* Begin PBXResourcesBuildPhase section */
		505B57982351633400F52E03 /* Resources */ = {
			isa = PBXResourcesBuildPhase;
			buildActionMask = 2147483647;
			files = (
				505B57AA2351633500F52E03 /* LaunchScreen.storyboard in Resources */,
				505B57A72351633500F52E03 /* Assets.xcassets in Resources */,
				505B57A52351633400F52E03 /* Main.storyboard in Resources */,
			);
			runOnlyForDeploymentPostprocessing = 0;
		};
/* End PBXResourcesBuildPhase section */

/* Begin PBXSourcesBuildPhase section */
		505B57962351633400F52E03 /* Sources */ = {
			isa = PBXSourcesBuildPhase;
			buildActionMask = 2147483647;
			files = (
				505B57B22351752300F52E03 /* LoginViewController.swift in Sources */,
				505B57A22351633400F52E03 /* ViewController.swift in Sources */,
				505B579E2351633400F52E03 /* AppDelegate.swift in Sources */,
				505B57A02351633400F52E03 /* SceneDelegate.swift in Sources */,
			);
			runOnlyForDeploymentPostprocessing = 0;
		};
/* End PBXSourcesBuildPhase section */

/* Begin PBXVariantGroup section */
		505B57A32351633400F52E03 /* Main.storyboard */ = {
			isa = PBXVariantGroup;
			children = (
				505B57A42351633400F52E03 /* Base */,
			);
			name = Main.storyboard;
			sourceTree = "<group>";
		};
		505B57A82351633500F52E03 /* LaunchScreen.storyboard */ = {
			isa = PBXVariantGroup;
			children = (
				505B57A92351633500F52E03 /* Base */,
			);
			name = LaunchScreen.storyboard;
			sourceTree = "<group>";
		};
/* End PBXVariantGroup section */

/* Begin XCBuildConfiguration section */
		505B57AC2351633500F52E03 /* Debug */ = {
			isa = XCBuildConfiguration;
			buildSettings = {
				ALWAYS_SEARCH_USER_PATHS = NO;
				CLANG_ANALYZER_NONNULL = YES;
				CLANG_ANALYZER_NUMBER_OBJECT_CONVERSION = YES_AGGRESSIVE;
				CLANG_CXX_LANGUAGE_STANDARD = "gnu++14";
				CLANG_CXX_LIBRARY = "libc++";
				CLANG_ENABLE_MODULES = YES;
				CLANG_ENABLE_OBJC_ARC = YES;
				CLANG_ENABLE_OBJC_WEAK = YES;
				CLANG_WARN_BLOCK_CAPTURE_AUTORELEASING = YES;
				CLANG_WARN_BOOL_CONVERSION = YES;
				CLANG_WARN_COMMA = YES;
				CLANG_WARN_CONSTANT_CONVERSION = YES;
				CLANG_WARN_DEPRECATED_OBJC_IMPLEMENTATIONS = YES;
				CLANG_WARN_DIRECT_OBJC_ISA_USAGE = YES_ERROR;
				CLANG_WARN_DOCUMENTATION_COMMENTS = YES;
				CLANG_WARN_EMPTY_BODY = YES;
				CLANG_WARN_ENUM_CONVERSION = YES;
				CLANG_WARN_INFINITE_RECURSION = YES;
				CLANG_WARN_INT_CONVERSION = YES;
				CLANG_WARN_NON_LITERAL_NULL_CONVERSION = YES;
				CLANG_WARN_OBJC_IMPLICIT_RETAIN_SELF = YES;
				CLANG_WARN_OBJC_LITERAL_CONVERSION = YES;
				CLANG_WARN_OBJC_ROOT_CLASS = YES_ERROR;
				CLANG_WARN_RANGE_LOOP_ANALYSIS = YES;
				CLANG_WARN_STRICT_PROTOTYPES = YES;
				CLANG_WARN_SUSPICIOUS_MOVE = YES;
				CLANG_WARN_UNGUARDED_AVAILABILITY = YES_AGGRESSIVE;
				CLANG_WARN_UNREACHABLE_CODE = YES;
				CLANG_WARN__DUPLICATE_METHOD_MATCH = YES;
				COPY_PHASE_STRIP = NO;
				DEBUG_INFORMATION_FORMAT = dwarf;
				ENABLE_STRICT_OBJC_MSGSEND = YES;
				ENABLE_TESTABILITY = YES;
				GCC_C_LANGUAGE_STANDARD = gnu11;
				GCC_DYNAMIC_NO_PIC = NO;
				GCC_NO_COMMON_BLOCKS = YES;
				GCC_OPTIMIZATION_LEVEL = 0;
				GCC_PREPROCESSOR_DEFINITIONS = (
					"DEBUG=1",
					"$(inherited)",
				);
				GCC_WARN_64_TO_32_BIT_CONVERSION = YES;
				GCC_WARN_ABOUT_RETURN_TYPE = YES_ERROR;
				GCC_WARN_UNDECLARED_SELECTOR = YES;
				GCC_WARN_UNINITIALIZED_AUTOS = YES_AGGRESSIVE;
				GCC_WARN_UNUSED_FUNCTION = YES;
				GCC_WARN_UNUSED_VARIABLE = YES;
				IPHONEOS_DEPLOYMENT_TARGET = 13.1;
				MTL_ENABLE_DEBUG_INFO = INCLUDE_SOURCE;
				MTL_FAST_MATH = YES;
				ONLY_ACTIVE_ARCH = YES;
				SDKROOT = iphoneos;
				SWIFT_ACTIVE_COMPILATION_CONDITIONS = DEBUG;
				SWIFT_OPTIMIZATION_LEVEL = "-Onone";
			};
			name = Debug;
		};
		505B57AD2351633500F52E03 /* Release */ = {
			isa = XCBuildConfiguration;
			buildSettings = {
				ALWAYS_SEARCH_USER_PATHS = NO;
				CLANG_ANALYZER_NONNULL = YES;
				CLANG_ANALYZER_NUMBER_OBJECT_CONVERSION = YES_AGGRESSIVE;
				CLANG_CXX_LANGUAGE_STANDARD = "gnu++14";
				CLANG_CXX_LIBRARY = "libc++";
				CLANG_ENABLE_MODULES = YES;
				CLANG_ENABLE_OBJC_ARC = YES;
				CLANG_ENABLE_OBJC_WEAK = YES;
				CLANG_WARN_BLOCK_CAPTURE_AUTORELEASING = YES;
				CLANG_WARN_BOOL_CONVERSION = YES;
				CLANG_WARN_COMMA = YES;
				CLANG_WARN_CONSTANT_CONVERSION = YES;
				CLANG_WARN_DEPRECATED_OBJC_IMPLEMENTATIONS = YES;
				CLANG_WARN_DIRECT_OBJC_ISA_USAGE = YES_ERROR;
				CLANG_WARN_DOCUMENTATION_COMMENTS = YES;
				CLANG_WARN_EMPTY_BODY = YES;
				CLANG_WARN_ENUM_CONVERSION = YES;
				CLANG_WARN_INFINITE_RECURSION = YES;
				CLANG_WARN_INT_CONVERSION = YES;
				CLANG_WARN_NON_LITERAL_NULL_CONVERSION = YES;
				CLANG_WARN_OBJC_IMPLICIT_RETAIN_SELF = YES;
				CLANG_WARN_OBJC_LITERAL_CONVERSION = YES;
				CLANG_WARN_OBJC_ROOT_CLASS = YES_ERROR;
				CLANG_WARN_RANGE_LOOP_ANALYSIS = YES;
				CLANG_WARN_STRICT_PROTOTYPES = YES;
				CLANG_WARN_SUSPICIOUS_MOVE = YES;
				CLANG_WARN_UNGUARDED_AVAILABILITY = YES_AGGRESSIVE;
				CLANG_WARN_UNREACHABLE_CODE = YES;
				CLANG_WARN__DUPLICATE_METHOD_MATCH = YES;
				COPY_PHASE_STRIP = NO;
				DEBUG_INFORMATION_FORMAT = "dwarf-with-dsym";
				ENABLE_NS_ASSERTIONS = NO;
				ENABLE_STRICT_OBJC_MSGSEND = YES;
				GCC_C_LANGUAGE_STANDARD = gnu11;
				GCC_NO_COMMON_BLOCKS = YES;
				GCC_WARN_64_TO_32_BIT_CONVERSION = YES;
				GCC_WARN_ABOUT_RETURN_TYPE = YES_ERROR;
				GCC_WARN_UNDECLARED_SELECTOR = YES;
				GCC_WARN_UNINITIALIZED_AUTOS = YES_AGGRESSIVE;
				GCC_WARN_UNUSED_FUNCTION = YES;
				GCC_WARN_UNUSED_VARIABLE = YES;
				IPHONEOS_DEPLOYMENT_TARGET = 13.1;
				MTL_ENABLE_DEBUG_INFO = NO;
				MTL_FAST_MATH = YES;
				SDKROOT = iphoneos;
				SWIFT_COMPILATION_MODE = wholemodule;
				SWIFT_OPTIMIZATION_LEVEL = "-O";
				VALIDATE_PRODUCT = YES;
			};
			name = Release;
		};
		505B57AF2351633500F52E03 /* Debug */ = {
			isa = XCBuildConfiguration;
			buildSettings = {
				ASSETCATALOG_COMPILER_APPICON_NAME = AppIcon;
				CODE_SIGN_STYLE = Automatic;
				DEVELOPMENT_TEAM = 3HM76FHBN6;
				INFOPLIST_FILE = mamaspace/Info.plist;
				LD_RUNPATH_SEARCH_PATHS = (
					"$(inherited)",
					"@executable_path/Frameworks",
				);
				PRODUCT_BUNDLE_IDENTIFIER = com.sakurasaku39039haru.mamaspace;
				PRODUCT_NAME = "$(TARGET_NAME)";
				SWIFT_VERSION = 5.0;
				TARGETED_DEVICE_FAMILY = "1,2";
			};
			name = Debug;
		};
		505B57B02351633500F52E03 /* Release */ = {
			isa = XCBuildConfiguration;
			buildSettings = {
				ASSETCATALOG_COMPILER_APPICON_NAME = AppIcon;
				CODE_SIGN_STYLE = Automatic;
				DEVELOPMENT_TEAM = 3HM76FHBN6;
				INFOPLIST_FILE = mamaspace/Info.plist;
				LD_RUNPATH_SEARCH_PATHS = (
					"$(inherited)",
					"@executable_path/Frameworks",
				);
				PRODUCT_BUNDLE_IDENTIFIER = com.sakurasaku39039haru.mamaspace;
				PRODUCT_NAME = "$(TARGET_NAME)";
				SWIFT_VERSION = 5.0;
				TARGETED_DEVICE_FAMILY = "1,2";
			};
			name = Release;
		};
/* End XCBuildConfiguration section */

/* Begin XCConfigurationList section */
		505B57952351633300F52E03 /* Build configuration list for PBXProject "mamaspace" */ = {
			isa = XCConfigurationList;
			buildConfigurations = (
				505B57AC2351633500F52E03 /* Debug */,
				505B57AD2351633500F52E03 /* Release */,
			);
			defaultConfigurationIsVisible = 0;
			defaultConfigurationName = Release;
		};
		505B57AE2351633500F52E03 /* Build configuration list for PBXNativeTarget "mamaspace" */ = {
			isa = XCConfigurationList;
			buildConfigurations = (
				505B57AF2351633500F52E03 /* Debug */,
				505B57B02351633500F52E03 /* Release */,
			);
			defaultConfigurationIsVisible = 0;
			defaultConfigurationName = Release;
		};
/* End XCConfigurationList section */
	};
	rootObject = 505B57922351633300F52E03 /* Project object */;
}
